
Microsoft Visual Studio Solution File, Format Version 12.00
# Visual Studio 15
VisualStudioVersion = 15.0.27004.2006
MinimumVisualStudioVersion = 10.0.40219.1
Project("{FAE04EC0-301F-11D3-BF4B-00C04F79EFBC}") = "UI.Desktop", "UI.Desktop\UI.Desktop.csproj", "{FA452636-D917-42DC-9742-3BC275D3BD7D}"
EndProject
Project("{FAE04EC0-301F-11D3-BF4B-00C04F79EFBC}") = "Util", "Util\Util.csproj", "{5D92A5E8-4F0F-4E44-A6AA-6FCF07F51D51}"
EndProject
Project("{FAE04EC0-301F-11D3-BF4B-00C04F79EFBC}") = "Business.Entities", "Business.Entities\Business.Entities.csproj", "{8D874991-409B-41C1-B7B8-B21A5B2C793D}"
EndProject
Project("{FAE04EC0-301F-11D3-BF4B-00C04F79EFBC}") = "Business.Logic", "Business.Logic\Business.Logic.csproj", "{5B15C3AA-FEDB-4E51-91C1-B55518D21DD0}"
EndProject
Project("{FAE04EC0-301F-11D3-BF4B-00C04F79EFBC}") = "Data.Database", "Data.Database\Data.Database.csproj", "{C6D852BB-E3E4-468F-8797-185A78FB0456}"
EndProject
Project("{FAE04EC0-301F-11D3-BF4B-00C04F79EFBC}") = "UI.Console", "UI.Console\UI.Console.csproj", "{37F229A5-8C19-456B-93BB-4813FD30DA8F}"
EndProject
Project("{FAE04EC0-301F-11D3-BF4B-00C04F79EFBC}") = "Web", "Web\Web.csproj", "{A7455F43-CE80-4C80-AD42-3EAE5542340F}"
EndProject
Project("{FAE04EC0-301F-11D3-BF4B-00C04F79EFBC}") = "Reports", "Reports\Reports.csproj", "{5D11164D-BABF-4B69-B3C6-ADC9E47E68A2}"
EndProject
Global
	GlobalSection(SolutionConfigurationPlatforms) = preSolution
		Debug|Any CPU = Debug|Any CPU
		Release|Any CPU = Release|Any CPU
	EndGlobalSection
	GlobalSection(ProjectConfigurationPlatforms) = postSolution
		{FA452636-D917-42DC-9742-3BC275D3BD7D}.Debug|Any CPU.ActiveCfg = Debug|Any CPU
		{FA452636-D917-42DC-9742-3BC275D3BD7D}.Debug|Any CPU.Build.0 = Debug|Any CPU
		{FA452636-D917-42DC-9742-3BC275D3BD7D}.Release|Any CPU.ActiveCfg = Release|Any CPU
		{FA452636-D917-42DC-9742-3BC275D3BD7D}.Release|Any CPU.Build.0 = Release|Any CPU
		{5D92A5E8-4F0F-4E44-A6AA-6FCF07F51D51}.Debug|Any CPU.ActiveCfg = Debug|Any CPU
		{5D92A5E8-4F0F-4E44-A6AA-6FCF07F51D51}.Debug|Any CPU.Build.0 = Debug|Any CPU
		{5D92A5E8-4F0F-4E44-A6AA-6FCF07F51D51}.Release|Any CPU.ActiveCfg = Release|Any CPU
		{5D92A5E8-4F0F-4E44-A6AA-6FCF07F51D51}.Release|Any CPU.Build.0 = Release|Any CPU
		{8D874991-409B-41C1-B7B8-B21A5B2C793D}.Debug|Any CPU.ActiveCfg = Debug|Any CPU
		{8D874991-409B-41C1-B7B8-B21A5B2C793D}.Debug|Any CPU.Build.0 = Debug|Any CPU
		{8D874991-409B-41C1-B7B8-B21A5B2C793D}.Release|Any CPU.ActiveCfg = Release|Any CPU
		{8D874991-409B-41C1-B7B8-B21A5B2C793D}.Release|Any CPU.Build.0 = Release|Any CPU
		{5B15C3AA-FEDB-4E51-91C1-B55518D21DD0}.Debug|Any CPU.ActiveCfg = Debug|Any CPU
		{5B15C3AA-FEDB-4E51-91C1-B55518D21DD0}.Debug|Any CPU.Build.0 = Debug|Any CPU
		{5B15C3AA-FEDB-4E51-91C1-B55518D21DD0}.Release|Any CPU.ActiveCfg = Release|Any CPU
		{5B15C3AA-FEDB-4E51-91C1-B55518D21DD0}.Release|Any CPU.Build.0 = Release|Any CPU
		{C6D852BB-E3E4-468F-8797-185A78FB0456}.Debug|Any CPU.ActiveCfg = Debug|Any CPU
		{C6D852BB-E3E4-468F-8797-185A78FB0456}.Debug|Any CPU.Build.0 = Debug|Any CPU
		{C6D852BB-E3E4-468F-8797-185A78FB0456}.Release|Any CPU.ActiveCfg = Release|Any CPU
		{C6D852BB-E3E4-468F-8797-185A78FB0456}.Release|Any CPU.Build.0 = Release|Any CPU
		{37F229A5-8C19-456B-93BB-4813FD30DA8F}.Debug|Any CPU.ActiveCfg = Debug|Any CPU
		{37F229A5-8C19-456B-93BB-4813FD30DA8F}.Debug|Any CPU.Build.0 = Debug|Any CPU
		{37F229A5-8C19-456B-93BB-4813FD30DA8F}.Release|Any CPU.ActiveCfg = Release|Any CPU
		{37F229A5-8C19-456B-93BB-4813FD30DA8F}.Release|Any CPU.Build.0 = Release|Any CPU
		{A7455F43-CE80-4C80-AD42-3EAE5542340F}.Debug|Any CPU.ActiveCfg = Debug|Any CPU
		{A7455F43-CE80-4C80-AD42-3EAE5542340F}.Debug|Any CPU.Build.0 = Debug|Any CPU
		{A7455F43-CE80-4C80-AD42-3EAE5542340F}.Release|Any CPU.ActiveCfg = Release|Any CPU
		{A7455F43-CE80-4C80-AD42-3EAE5542340F}.Release|Any CPU.Build.0 = Release|Any CPU
		{5D11164D-BABF-4B69-B3C6-ADC9E47E68A2}.Debug|Any CPU.ActiveCfg = Debug|Any CPU
		{5D11164D-BABF-4B69-B3C6-ADC9E47E68A2}.Debug|Any CPU.Build.0 = Debug|Any CPU
		{5D11164D-BABF-4B69-B3C6-ADC9E47E68A2}.Release|Any CPU.ActiveCfg = Release|Any CPU
		{5D11164D-BABF-4B69-B3C6-ADC9E47E68A2}.Release|Any CPU.Build.0 = Release|Any CPU
	EndGlobalSection
	GlobalSection(SolutionProperties) = preSolution
		HideSolutionNode = FALSE
	EndGlobalSection
	GlobalSection(ExtensibilityGlobals) = postSolution
		SolutionGuid = {DD09EFA3-E92C-4CCB-A8F6-44C4A17B449A}
	EndGlobalSection
EndGlobal
